
Microsoft Visual Studio Solution File, Format Version 12.00
# Visual Studio Version 17
VisualStudioVersion = 17.2.32630.192
MinimumVisualStudioVersion = 10.0.40219.1
Project("{FAE04EC0-301F-11D3-BF4B-00C04F79EFBC}") = "odevbys", "odevbys\odevbys.csproj", "{8C647E71-F8D8-4BDC-B739-F72B0DA6FE94}"
EndProject
Global
	GlobalSection(SolutionConfigurationPlatforms) = preSolution
		Debug|Any CPU = Debug|Any CPU
		Release|Any CPU = Release|Any CPU
	EndGlobalSection
	GlobalSection(ProjectConfigurationPlatforms) = postSolution
		{8C647E71-F8D8-4BDC-B739-F72B0DA6FE94}.Debug|Any CPU.ActiveCfg = Debug|Any CPU
		{8C647E71-F8D8-4BDC-B739-F72B0DA6FE94}.Debug|Any CPU.Build.0 = Debug|Any CPU
		{8C647E71-F8D8-4BDC-B739-F72B0DA6FE94}.Release|Any CPU.ActiveCfg = Release|Any CPU
		{8C647E71-F8D8-4BDC-B739-F72B0DA6FE94}.Release|Any CPU.Build.0 = Release|Any CPU
	EndGlobalSection
	GlobalSection(SolutionProperties) = preSolution
		HideSolutionNode = FALSE
	EndGlobalSection
	GlobalSection(ExtensibilityGlobals) = postSolution
		SolutionGuid = {7ACEB1D7-1132-422B-84CE-C2D2CFDAD15B}
	EndGlobalSection
EndGlobal
